
Microsoft Visual Studio Solution File, Format Version 12.00
# Visual Studio Version 16
VisualStudioVersion = 16.0.30002.166
MinimumVisualStudioVersion = 10.0.40219.1
Project("{FAE04EC0-301F-11D3-BF4B-00C04F79EFBC}") = "BankingTests", "BankingTests\BankingTests.csproj", "{5E1EA6DF-1599-466D-A86A-49623AD9EA7C}"
EndProject
Project("{FAE04EC0-301F-11D3-BF4B-00C04F79EFBC}") = "BankingDomain", "BankingDomain\BankingDomain.csproj", "{A08A1042-6FE0-48B1-8984-0619138CD587}"
EndProject
Global
	GlobalSection(SolutionConfigurationPlatforms) = preSolution
		Debug|Any CPU = Debug|Any CPU
		Release|Any CPU = Release|Any CPU
	EndGlobalSection
	GlobalSection(ProjectConfigurationPlatforms) = postSolution
		{5E1EA6DF-1599-466D-A86A-49623AD9EA7C}.Debug|Any CPU.ActiveCfg = Debug|Any CPU
		{5E1EA6DF-1599-466D-A86A-49623AD9EA7C}.Debug|Any CPU.Build.0 = Debug|Any CPU
		{5E1EA6DF-1599-466D-A86A-49623AD9EA7C}.Release|Any CPU.ActiveCfg = Release|Any CPU
		{5E1EA6DF-1599-466D-A86A-49623AD9EA7C}.Release|Any CPU.Build.0 = Release|Any CPU
		{A08A1042-6FE0-48B1-8984-0619138CD587}.Debug|Any CPU.ActiveCfg = Debug|Any CPU
		{A08A1042-6FE0-48B1-8984-0619138CD587}.Debug|Any CPU.Build.0 = Debug|Any CPU
		{A08A1042-6FE0-48B1-8984-0619138CD587}.Release|Any CPU.ActiveCfg = Release|Any CPU
		{A08A1042-6FE0-48B1-8984-0619138CD587}.Release|Any CPU.Build.0 = Release|Any CPU
	EndGlobalSection
	GlobalSection(SolutionProperties) = preSolution
		HideSolutionNode = FALSE
	EndGlobalSection
	GlobalSection(ExtensibilityGlobals) = postSolution
		SolutionGuid = {36245095-2254-45BE-B29F-2ED761FF4778}
	EndGlobalSection
EndGlobal
